// !$*UTF8*$!
{
	archiveVersion = 1;
	classes = {
	};
	objectVersion = 50;
	objects = {

/* Begin PBXBuildFile section */
		45EC658424FE804300FEED9E /* AppDelegate.swift in Sources */ = {isa = PBXBuildFile; fileRef = 45EC658324FE804300FEED9E /* AppDelegate.swift */; };
		45EC658624FE804300FEED9E /* SceneDelegate.swift in Sources */ = {isa = PBXBuildFile; fileRef = 45EC658524FE804300FEED9E /* SceneDelegate.swift */; };
		45EC658824FE804300FEED9E /* ContentView.swift in Sources */ = {isa = PBXBuildFile; fileRef = 45EC658724FE804300FEED9E /* ContentView.swift */; };
		45EC658A24FE804400FEED9E /* Assets.xcassets in Resources */ = {isa = PBXBuildFile; fileRef = 45EC658924FE804400FEED9E /* Assets.xcassets */; };
		45EC658D24FE804400FEED9E /* Preview Assets.xcassets in Resources */ = {isa = PBXBuildFile; fileRef = 45EC658C24FE804400FEED9E /* Preview Assets.xcassets */; };
		45EC659024FE804400FEED9E /* LaunchScreen.storyboard in Resources */ = {isa = PBXBuildFile; fileRef = 45EC658E24FE804400FEED9E /* LaunchScreen.storyboard */; };
/* End PBXBuildFile section */

/* Begin PBXFileReference section */
		45EC658024FE804300FEED9E /* Poster.app */ = {isa = PBXFileReference; explicitFileType = wrapper.application; includeInIndex = 0; path = Poster.app; sourceTree = BUILT_PRODUCTS_DIR; };
		45EC658324FE804300FEED9E /* AppDelegate.swift */ = {isa = PBXFileReference; lastKnownFileType = sourcecode.swift; path = AppDelegate.swift; sourceTree = "<group>"; };
		45EC658524FE804300FEED9E /* SceneDelegate.swift */ = {isa = PBXFileReference; lastKnownFileType = sourcecode.swift; path = SceneDelegate.swift; sourceTree = "<group>"; };
		45EC658724FE804300FEED9E /* ContentView.swift */ = {isa = PBXFileReference; lastKnownFileType = sourcecode.swift; path = ContentView.swift; sourceTree = "<group>"; };
		45EC658924FE804400FEED9E /* Assets.xcassets */ = {isa = PBXFileReference; lastKnownFileType = folder.assetcatalog; path = Assets.xcassets; sourceTree = "<group>"; };
		45EC658C24FE804400FEED9E /* Preview Assets.xcassets */ = {isa = PBXFileReference; lastKnownFileType = folder.assetcatalog; path = "Preview Assets.xcassets"; sourceTree = "<group>"; };
		45EC658F24FE804400FEED9E /* Base */ = {isa = PBXFileReference; lastKnownFileType = file.storyboard; name = Base; path = Base.lproj/LaunchScreen.storyboard; sourceTree = "<group>"; };
		45EC659124FE804400FEED9E /* Info.plist */ = {isa = PBXFileReference; lastKnownFileType = text.plist.xml; path = Info.plist; sourceTree = "<group>"; };
/* End PBXFileReference section */

/* Begin PBXFrameworksBuildPhase section */
		45EC657D24FE804300FEED9E /* Frameworks */ = {
			isa = PBXFrameworksBuildPhase;
			buildActionMask = 2147483647;
			files = (
			);
			runOnlyForDeploymentPostprocessing = 0;
		};
/* End PBXFrameworksBuildPhase section */

/* Begin PBXGroup section */
		45EC657724FE804300FEED9E = {
			isa = PBXGroup;
			children = (
				45EC658224FE804300FEED9E /* Poster */,
				45EC658124FE804300FEED9E /* Products */,
			);
			sourceTree = "<group>";
		};
		45EC658124FE804300FEED9E /* Products */ = {
			isa = PBXGroup;
			children = (
				45EC658024FE804300FEED9E /* Poster.app */,
			);
			name = Products;
			sourceTree = "<group>";
		};
		45EC658224FE804300FEED9E /* Poster */ = {
			isa = PBXGroup;
			children = (
				45EC658324FE804300FEED9E /* AppDelegate.swift */,
				45EC658524FE804300FEED9E /* SceneDelegate.swift */,
				45EC658724FE804300FEED9E /* ContentView.swift */,
				45EC658924FE804400FEED9E /* Assets.xcassets */,
				45EC658E24FE804400FEED9E /* LaunchScreen.storyboard */,
				45EC659124FE804400FEED9E /* Info.plist */,
				45EC658B24FE804400FEED9E /* Preview Content */,
			);
			path = Poster;
			sourceTree = "<group>";
		};
		45EC658B24FE804400FEED9E /* Preview Content */ = {
			isa = PBXGroup;
			children = (
				45EC658C24FE804400FEED9E /* Preview Assets.xcassets */,
			);
			path = "Preview Content";
			sourceTree = "<group>";
		};
/* End PBXGroup section */

/* Begin PBXNativeTarget section */
		45EC657F24FE804300FEED9E /* Poster */ = {
			isa = PBXNativeTarget;
			buildConfigurationList = 45EC659424FE804400FEED9E /* Build configuration list for PBXNativeTarget "Poster" */;
			buildPhases = (
				45EC657C24FE804300FEED9E /* Sources */,
				45EC657D24FE804300FEED9E /* Frameworks */,
				45EC657E24FE804300FEED9E /* Resources */,
			);
			buildRules = (
			);
			dependencies = (
			);
			name = Poster;
			productName = Poster;
			productReference = 45EC658024FE804300FEED9E /* Poster.app */;
			productType = "com.apple.product-type.application";
		};
/* End PBXNativeTarget section */

/* Begin PBXProject section */
		45EC657824FE804300FEED9E /* Project object */ = {
			isa = PBXProject;
			attributes = {
				LastSwiftUpdateCheck = 1160;
				LastUpgradeCheck = 1160;
				ORGANIZATIONNAME = "윤진영";
				TargetAttributes = {
					45EC657F24FE804300FEED9E = {
						CreatedOnToolsVersion = 11.6;
					};
				};
			};
			buildConfigurationList = 45EC657B24FE804300FEED9E /* Build configuration list for PBXProject "Poster" */;
			compatibilityVersion = "Xcode 9.3";
			developmentRegion = en;
			hasScannedForEncodings = 0;
			knownRegions = (
				en,
				Base,
			);
			mainGroup = 45EC657724FE804300FEED9E;
			productRefGroup = 45EC658124FE804300FEED9E /* Products */;
			projectDirPath = "";
			projectRoot = "";
			targets = (
				45EC657F24FE804300FEED9E /* Poster */,
			);
		};
/* End PBXProject section */

/* Begin PBXResourcesBuildPhase section */
		45EC657E24FE804300FEED9E /* Resources */ = {
			isa = PBXResourcesBuildPhase;
			buildActionMask = 2147483647;
			files = (
				45EC659024FE804400FEED9E /* LaunchScreen.storyboard in Resources */,
				45EC658D24FE804400FEED9E /* Preview Assets.xcassets in Resources */,
				45EC658A24FE804400FEED9E /* Assets.xcassets in Resources */,
			);
			runOnlyForDeploymentPostprocessing = 0;
		};
/* End PBXResourcesBuildPhase section */

/* Begin PBXSourcesBuildPhase section */
		45EC657C24FE804300FEED9E /* Sources */ = {
			isa = PBXSourcesBuildPhase;
			buildActionMask = 2147483647;
			files = (
				45EC658424FE804300FEED9E /* AppDelegate.swift in Sources */,
				45EC658624FE804300FEED9E /* SceneDelegate.swift in Sources */,
				45EC658824FE804300FEED9E /* ContentView.swift in Sources */,
			);
			runOnlyForDeploymentPostprocessing = 0;
		};
/* End PBXSourcesBuildPhase section */

/* Begin PBXVariantGroup section */
		45EC658E24FE804400FEED9E /* LaunchScreen.storyboard */ = {
			isa = PBXVariantGroup;
			children = (
				45EC658F24FE804400FEED9E /* Base */,
			);
			name = LaunchScreen.storyboard;
			sourceTree = "<group>";
		};
/* End PBXVariantGroup section */

/* Begin XCBuildConfiguration section */
		45EC659224FE804400FEED9E /* Debug */ = {
			isa = XCBuildConfiguration;
			buildSettings = {
				ALWAYS_SEARCH_USER_PATHS = NO;
				CLANG_ANALYZER_NONNULL = YES;
				CLANG_ANALYZER_NUMBER_OBJECT_CONVERSION = YES_AGGRESSIVE;
				CLANG_CXX_LANGUAGE_STANDARD = "gnu++14";
				CLANG_CXX_LIBRARY = "libc++";
				CLANG_ENABLE_MODULES = YES;
				CLANG_ENABLE_OBJC_ARC = YES;
				CLANG_ENABLE_OBJC_WEAK = YES;
				CLANG_WARN_BLOCK_CAPTURE_AUTORELEASING = YES;
				CLANG_WARN_BOOL_CONVERSION = YES;
				CLANG_WARN_COMMA = YES;
				CLANG_WARN_CONSTANT_CONVERSION = YES;
				CLANG_WARN_DEPRECATED_OBJC_IMPLEMENTATIONS = YES;
				CLANG_WARN_DIRECT_OBJC_ISA_USAGE = YES_ERROR;
				CLANG_WARN_DOCUMENTATION_COMMENTS = YES;
				CLANG_WARN_EMPTY_BODY = YES;
				CLANG_WARN_ENUM_CONVERSION = YES;
				CLANG_WARN_INFINITE_RECURSION = YES;
				CLANG_WARN_INT_CONVERSION = YES;
				CLANG_WARN_NON_LITERAL_NULL_CONVERSION = YES;
				CLANG_WARN_OBJC_IMPLICIT_RETAIN_SELF = YES;
				CLANG_WARN_OBJC_LITERAL_CONVERSION = YES;
				CLANG_WARN_OBJC_ROOT_CLASS = YES_ERROR;
				CLANG_WARN_RANGE_LOOP_ANALYSIS = YES;
				CLANG_WARN_STRICT_PROTOTYPES = YES;
				CLANG_WARN_SUSPICIOUS_MOVE = YES;
				CLANG_WARN_UNGUARDED_AVAILABILITY = YES_AGGRESSIVE;
				CLANG_WARN_UNREACHABLE_CODE = YES;
				CLANG_WARN__DUPLICATE_METHOD_MATCH = YES;
				COPY_PHASE_STRIP = NO;
				DEBUG_INFORMATION_FORMAT = dwarf;
				ENABLE_STRICT_OBJC_MSGSEND = YES;
				ENABLE_TESTABILITY = YES;
				GCC_C_LANGUAGE_STANDARD = gnu11;
				GCC_DYNAMIC_NO_PIC = NO;
				GCC_NO_COMMON_BLOCKS = YES;
				GCC_OPTIMIZATION_LEVEL = 0;
				GCC_PREPROCESSOR_DEFINITIONS = (
					"DEBUG=1",
					"$(inherited)",
				);
				GCC_WARN_64_TO_32_BIT_CONVERSION = YES;
				GCC_WARN_ABOUT_RETURN_TYPE = YES_ERROR;
				GCC_WARN_UNDECLARED_SELECTOR = YES;
				GCC_WARN_UNINITIALIZED_AUTOS = YES_AGGRESSIVE;
				GCC_WARN_UNUSED_FUNCTION = YES;
				GCC_WARN_UNUSED_VARIABLE = YES;
				IPHONEOS_DEPLOYMENT_TARGET = 13.6;
				MTL_ENABLE_DEBUG_INFO = INCLUDE_SOURCE;
				MTL_FAST_MATH = YES;
				ONLY_ACTIVE_ARCH = YES;
				SDKROOT = iphoneos;
				SWIFT_ACTIVE_COMPILATION_CONDITIONS = DEBUG;
				SWIFT_OPTIMIZATION_LEVEL = "-Onone";
			};
			name = Debug;
		};
		45EC659324FE804400FEED9E /* Release */ = {
			isa = XCBuildConfiguration;
			buildSettings = {
				ALWAYS_SEARCH_USER_PATHS = NO;
				CLANG_ANALYZER_NONNULL = YES;
				CLANG_ANALYZER_NUMBER_OBJECT_CONVERSION = YES_AGGRESSIVE;
				CLANG_CXX_LANGUAGE_STANDARD = "gnu++14";
				CLANG_CXX_LIBRARY = "libc++";
				CLANG_ENABLE_MODULES = YES;
				CLANG_ENABLE_OBJC_ARC = YES;
				CLANG_ENABLE_OBJC_WEAK = YES;
				CLANG_WARN_BLOCK_CAPTURE_AUTORELEASING = YES;
				CLANG_WARN_BOOL_CONVERSION = YES;
				CLANG_WARN_COMMA = YES;
				CLANG_WARN_CONSTANT_CONVERSION = YES;
				CLANG_WARN_DEPRECATED_OBJC_IMPLEMENTATIONS = YES;
				CLANG_WARN_DIRECT_OBJC_ISA_USAGE = YES_ERROR;
				CLANG_WARN_DOCUMENTATION_COMMENTS = YES;
				CLANG_WARN_EMPTY_BODY = YES;
				CLANG_WARN_ENUM_CONVERSION = YES;
				CLANG_WARN_INFINITE_RECURSION = YES;
				CLANG_WARN_INT_CONVERSION = YES;
				CLANG_WARN_NON_LITERAL_NULL_CONVERSION = YES;
				CLANG_WARN_OBJC_IMPLICIT_RETAIN_SELF = YES;
				CLANG_WARN_OBJC_LITERAL_CONVERSION = YES;
				CLANG_WARN_OBJC_ROOT_CLASS = YES_ERROR;
				CLANG_WARN_RANGE_LOOP_ANALYSIS = YES;
				CLANG_WARN_STRICT_PROTOTYPES = YES;
				CLANG_WARN_SUSPICIOUS_MOVE = YES;
				CLANG_WARN_UNGUARDED_AVAILABILITY = YES_AGGRESSIVE;
				CLANG_WARN_UNREACHABLE_CODE = YES;
				CLANG_WARN__DUPLICATE_METHOD_MATCH = YES;
				COPY_PHASE_STRIP = NO;
				DEBUG_INFORMATION_FORMAT = "dwarf-with-dsym";
				ENABLE_NS_ASSERTIONS = NO;
				ENABLE_STRICT_OBJC_MSGSEND = YES;
				GCC_C_LANGUAGE_STANDARD = gnu11;
				GCC_NO_COMMON_BLOCKS = YES;
				GCC_WARN_64_TO_32_BIT_CONVERSION = YES;
				GCC_WARN_ABOUT_RETURN_TYPE = YES_ERROR;
				GCC_WARN_UNDECLARED_SELECTOR = YES;
				GCC_WARN_UNINITIALIZED_AUTOS = YES_AGGRESSIVE;
				GCC_WARN_UNUSED_FUNCTION = YES;
				GCC_WARN_UNUSED_VARIABLE = YES;
				IPHONEOS_DEPLOYMENT_TARGET = 13.6;
				MTL_ENABLE_DEBUG_INFO = NO;
				MTL_FAST_MATH = YES;
				SDKROOT = iphoneos;
				SWIFT_COMPILATION_MODE = wholemodule;
				SWIFT_OPTIMIZATION_LEVEL = "-O";
				VALIDATE_PRODUCT = YES;
			};
			name = Release;
		};
		45EC659524FE804400FEED9E /* Debug */ = {
			isa = XCBuildConfiguration;
			buildSettings = {
				ASSETCATALOG_COMPILER_APPICON_NAME = AppIcon;
				CODE_SIGN_STYLE = Automatic;
				DEVELOPMENT_ASSET_PATHS = "\"Poster/Preview Content\"";
				ENABLE_PREVIEWS = YES;
				INFOPLIST_FILE = Poster/Info.plist;
				LD_RUNPATH_SEARCH_PATHS = (
					"$(inherited)",
					"@executable_path/Frameworks",
				);
				PRODUCT_BUNDLE_IDENTIFIER = com.jin0yoon.Poster;
				PRODUCT_NAME = "$(TARGET_NAME)";
				SWIFT_VERSION = 5.0;
				TARGETED_DEVICE_FAMILY = "1,2";
			};
			name = Debug;
		};
		45EC659624FE804400FEED9E /* Release */ = {
			isa = XCBuildConfiguration;
			buildSettings = {
				ASSETCATALOG_COMPILER_APPICON_NAME = AppIcon;
				CODE_SIGN_STYLE = Automatic;
				DEVELOPMENT_ASSET_PATHS = "\"Poster/Preview Content\"";
				ENABLE_PREVIEWS = YES;
				INFOPLIST_FILE = Poster/Info.plist;
				LD_RUNPATH_SEARCH_PATHS = (
					"$(inherited)",
					"@executable_path/Frameworks",
				);
				PRODUCT_BUNDLE_IDENTIFIER = com.jin0yoon.Poster;
				PRODUCT_NAME = "$(TARGET_NAME)";
				SWIFT_VERSION = 5.0;
				TARGETED_DEVICE_FAMILY = "1,2";
			};
			name = Release;
		};
/* End XCBuildConfiguration section */

/* Begin XCConfigurationList section */
		45EC657B24FE804300FEED9E /* Build configuration list for PBXProject "Poster" */ = {
			isa = XCConfigurationList;
			buildConfigurations = (
				45EC659224FE804400FEED9E /* Debug */,
				45EC659324FE804400FEED9E /* Release */,
			);
			defaultConfigurationIsVisible = 0;
			defaultConfigurationName = Release;
		};
		45EC659424FE804400FEED9E /* Build configuration list for PBXNativeTarget "Poster" */ = {
			isa = XCConfigurationList;
			buildConfigurations = (
				45EC659524FE804400FEED9E /* Debug */,
				45EC659624FE804400FEED9E /* Release */,
			);
			defaultConfigurationIsVisible = 0;
			defaultConfigurationName = Release;
		};
/* End XCConfigurationList section */
	};
	rootObject = 45EC657824FE804300FEED9E /* Project object */;
}
